
Microsoft Visual Studio Solution File, Format Version 12.00
# Visual Studio 15
VisualStudioVersion = 15.0.28010.2016
MinimumVisualStudioVersion = 10.0.40219.1
Project("{8BC9CEB8-8B4A-11D0-8D11-00A0C91BC942}") = "BinarySearchTree", "BinarySearchTree\BinarySearchTree.vcxproj", "{0637BE3F-45C6-4317-8844-0B112C328154}"
EndProject
Global
	GlobalSection(SolutionConfigurationPlatforms) = preSolution
		Debug|x64 = Debug|x64
		Debug|x86 = Debug|x86
		Release|x64 = Release|x64
		Release|x86 = Release|x86
	EndGlobalSection
	GlobalSection(ProjectConfigurationPlatforms) = postSolution
		{0637BE3F-45C6-4317-8844-0B112C328154}.Debug|x64.ActiveCfg = Debug|x64
		{0637BE3F-45C6-4317-8844-0B112C328154}.Debug|x64.Build.0 = Debug|x64
		{0637BE3F-45C6-4317-8844-0B112C328154}.Debug|x86.ActiveCfg = Debug|Win32
		{0637BE3F-45C6-4317-8844-0B112C328154}.Debug|x86.Build.0 = Debug|Win32
		{0637BE3F-45C6-4317-8844-0B112C328154}.Release|x64.ActiveCfg = Release|x64
		{0637BE3F-45C6-4317-8844-0B112C328154}.Release|x64.Build.0 = Release|x64
		{0637BE3F-45C6-4317-8844-0B112C328154}.Release|x86.ActiveCfg = Release|Win32
		{0637BE3F-45C6-4317-8844-0B112C328154}.Release|x86.Build.0 = Release|Win32
	EndGlobalSection
	GlobalSection(SolutionProperties) = preSolution
		HideSolutionNode = FALSE
	EndGlobalSection
	GlobalSection(ExtensibilityGlobals) = postSolution
		SolutionGuid = {00DEC01D-54AD-47FE-85D7-52CC3E36D729}
	EndGlobalSection
EndGlobal
